// !$*UTF8*$!
{
	archiveVersion = 1;
	classes = {
	};
	objectVersion = 46;
	objects = {

/* Begin PBXBuildFile section */
		1838F24D417A030CAD6B64A6 /* Pods_d_social.framework in Frameworks */ = {isa = PBXBuildFile; fileRef = 8579DAF5A2D0A592C1544CD0 /* Pods_d_social.framework */; };
		3325E22B1E170316001B8435 /* AppDelegate.swift in Sources */ = {isa = PBXBuildFile; fileRef = 3325E22A1E170316001B8435 /* AppDelegate.swift */; };
		3325E22D1E170316001B8435 /* SignInVC.swift in Sources */ = {isa = PBXBuildFile; fileRef = 3325E22C1E170316001B8435 /* SignInVC.swift */; };
		3325E2301E170316001B8435 /* Main.storyboard in Resources */ = {isa = PBXBuildFile; fileRef = 3325E22E1E170316001B8435 /* Main.storyboard */; };
		3325E2321E170316001B8435 /* Assets.xcassets in Resources */ = {isa = PBXBuildFile; fileRef = 3325E2311E170316001B8435 /* Assets.xcassets */; };
		3325E2351E170316001B8435 /* LaunchScreen.storyboard in Resources */ = {isa = PBXBuildFile; fileRef = 3325E2331E170316001B8435 /* LaunchScreen.storyboard */; };
		3325E23D1E170332001B8435 /* GoogleService-Info.plist in Resources */ = {isa = PBXBuildFile; fileRef = 3325E23C1E170332001B8435 /* GoogleService-Info.plist */; };
/* End PBXBuildFile section */

/* Begin PBXFileReference section */
		3325E2271E170316001B8435 /* d-social.app */ = {isa = PBXFileReference; explicitFileType = wrapper.application; includeInIndex = 0; path = "d-social.app"; sourceTree = BUILT_PRODUCTS_DIR; };
		3325E22A1E170316001B8435 /* AppDelegate.swift */ = {isa = PBXFileReference; lastKnownFileType = sourcecode.swift; path = AppDelegate.swift; sourceTree = "<group>"; };
		3325E22C1E170316001B8435 /* SignInVC.swift */ = {isa = PBXFileReference; lastKnownFileType = sourcecode.swift; path = SignInVC.swift; sourceTree = "<group>"; };
		3325E22F1E170316001B8435 /* Base */ = {isa = PBXFileReference; lastKnownFileType = file.storyboard; name = Base; path = Base.lproj/Main.storyboard; sourceTree = "<group>"; };
		3325E2311E170316001B8435 /* Assets.xcassets */ = {isa = PBXFileReference; lastKnownFileType = folder.assetcatalog; path = Assets.xcassets; sourceTree = "<group>"; };
		3325E2341E170316001B8435 /* Base */ = {isa = PBXFileReference; lastKnownFileType = file.storyboard; name = Base; path = Base.lproj/LaunchScreen.storyboard; sourceTree = "<group>"; };
		3325E2361E170316001B8435 /* Info.plist */ = {isa = PBXFileReference; lastKnownFileType = text.plist.xml; path = Info.plist; sourceTree = "<group>"; };
		3325E23C1E170332001B8435 /* GoogleService-Info.plist */ = {isa = PBXFileReference; fileEncoding = 4; lastKnownFileType = text.plist.xml; name = "GoogleService-Info.plist"; path = "../../../Downloads/GoogleService-Info.plist"; sourceTree = "<group>"; };
		79DE3BECF7BFCB4A640248A1 /* Pods-d-social.release.xcconfig */ = {isa = PBXFileReference; includeInIndex = 1; lastKnownFileType = text.xcconfig; name = "Pods-d-social.release.xcconfig"; path = "Pods/Target Support Files/Pods-d-social/Pods-d-social.release.xcconfig"; sourceTree = "<group>"; };
		8579DAF5A2D0A592C1544CD0 /* Pods_d_social.framework */ = {isa = PBXFileReference; explicitFileType = wrapper.framework; includeInIndex = 0; path = Pods_d_social.framework; sourceTree = BUILT_PRODUCTS_DIR; };
		E380AB61C50AD81F244905FE /* Pods-d-social.debug.xcconfig */ = {isa = PBXFileReference; includeInIndex = 1; lastKnownFileType = text.xcconfig; name = "Pods-d-social.debug.xcconfig"; path = "Pods/Target Support Files/Pods-d-social/Pods-d-social.debug.xcconfig"; sourceTree = "<group>"; };
/* End PBXFileReference section */

/* Begin PBXFrameworksBuildPhase section */
		3325E2241E170316001B8435 /* Frameworks */ = {
			isa = PBXFrameworksBuildPhase;
			buildActionMask = 2147483647;
			files = (
				1838F24D417A030CAD6B64A6 /* Pods_d_social.framework in Frameworks */,
			);
			runOnlyForDeploymentPostprocessing = 0;
		};
/* End PBXFrameworksBuildPhase section */

/* Begin PBXGroup section */
		3325E21E1E170316001B8435 = {
			isa = PBXGroup;
			children = (
				3325E2291E170316001B8435 /* d-social */,
				3325E2281E170316001B8435 /* Products */,
				B0F5EC4DD25DAE4B6B81DC8D /* Pods */,
				EA2306D888E2A74F3EC5DA64 /* Frameworks */,
			);
			sourceTree = "<group>";
		};
		3325E2281E170316001B8435 /* Products */ = {
			isa = PBXGroup;
			children = (
				3325E2271E170316001B8435 /* d-social.app */,
			);
			name = Products;
			sourceTree = "<group>";
		};
		3325E2291E170316001B8435 /* d-social */ = {
			isa = PBXGroup;
			children = (
				333486F91E17051D007488C0 /* Model */,
				333486FB1E170536007488C0 /* Controller */,
				333486FA1E170525007488C0 /* View */,
				3325E22A1E170316001B8435 /* AppDelegate.swift */,
				3325E22E1E170316001B8435 /* Main.storyboard */,
				3325E2311E170316001B8435 /* Assets.xcassets */,
				3325E2331E170316001B8435 /* LaunchScreen.storyboard */,
				3325E2361E170316001B8435 /* Info.plist */,
				3325E23C1E170332001B8435 /* GoogleService-Info.plist */,
			);
			path = "d-social";
			sourceTree = "<group>";
		};
		333486F91E17051D007488C0 /* Model */ = {
			isa = PBXGroup;
			children = (
			);
			name = Model;
			sourceTree = "<group>";
		};
		333486FA1E170525007488C0 /* View */ = {
			isa = PBXGroup;
			children = (
			);
			name = View;
			sourceTree = "<group>";
		};
		333486FB1E170536007488C0 /* Controller */ = {
			isa = PBXGroup;
			children = (
				3325E22C1E170316001B8435 /* SignInVC.swift */,
			);
			name = Controller;
			sourceTree = "<group>";
		};
		B0F5EC4DD25DAE4B6B81DC8D /* Pods */ = {
			isa = PBXGroup;
			children = (
				E380AB61C50AD81F244905FE /* Pods-d-social.debug.xcconfig */,
				79DE3BECF7BFCB4A640248A1 /* Pods-d-social.release.xcconfig */,
			);
			name = Pods;
			sourceTree = "<group>";
		};
		EA2306D888E2A74F3EC5DA64 /* Frameworks */ = {
			isa = PBXGroup;
			children = (
				8579DAF5A2D0A592C1544CD0 /* Pods_d_social.framework */,
			);
			name = Frameworks;
			sourceTree = "<group>";
		};
/* End PBXGroup section */

/* Begin PBXNativeTarget section */
		3325E2261E170316001B8435 /* d-social */ = {
			isa = PBXNativeTarget;
			buildConfigurationList = 3325E2391E170316001B8435 /* Build configuration list for PBXNativeTarget "d-social" */;
			buildPhases = (
				D98DBBD6CFADDD164225A42B /* [CP] Check Pods Manifest.lock */,
				3325E2231E170316001B8435 /* Sources */,
				3325E2241E170316001B8435 /* Frameworks */,
				3325E2251E170316001B8435 /* Resources */,
				DB17AE723B2B67B99A6C7D27 /* [CP] Embed Pods Frameworks */,
				C1D9CEDCFE938B4E1C166497 /* [CP] Copy Pods Resources */,
			);
			buildRules = (
			);
			dependencies = (
			);
			name = "d-social";
			productName = "d-social";
			productReference = 3325E2271E170316001B8435 /* d-social.app */;
			productType = "com.apple.product-type.application";
		};
/* End PBXNativeTarget section */

/* Begin PBXProject section */
		3325E21F1E170316001B8435 /* Project object */ = {
			isa = PBXProject;
			attributes = {
				LastSwiftUpdateCheck = 0800;
				LastUpgradeCheck = 0800;
				ORGANIZATIONNAME = KhaizerkhaiStudios;
				TargetAttributes = {
					3325E2261E170316001B8435 = {
						CreatedOnToolsVersion = 8.0;
						DevelopmentTeam = 9YAW3RZ5V6;
						ProvisioningStyle = Automatic;
					};
				};
			};
			buildConfigurationList = 3325E2221E170316001B8435 /* Build configuration list for PBXProject "d-social" */;
			compatibilityVersion = "Xcode 3.2";
			developmentRegion = English;
			hasScannedForEncodings = 0;
			knownRegions = (
				en,
				Base,
			);
			mainGroup = 3325E21E1E170316001B8435;
			productRefGroup = 3325E2281E170316001B8435 /* Products */;
			projectDirPath = "";
			projectRoot = "";
			targets = (
				3325E2261E170316001B8435 /* d-social */,
			);
		};
/* End PBXProject section */

/* Begin PBXResourcesBuildPhase section */
		3325E2251E170316001B8435 /* Resources */ = {
			isa = PBXResourcesBuildPhase;
			buildActionMask = 2147483647;
			files = (
				3325E2351E170316001B8435 /* LaunchScreen.storyboard in Resources */,
				3325E23D1E170332001B8435 /* GoogleService-Info.plist in Resources */,
				3325E2321E170316001B8435 /* Assets.xcassets in Resources */,
				3325E2301E170316001B8435 /* Main.storyboard in Resources */,
			);
			runOnlyForDeploymentPostprocessing = 0;
		};
/* End PBXResourcesBuildPhase section */

/* Begin PBXShellScriptBuildPhase section */
		C1D9CEDCFE938B4E1C166497 /* [CP] Copy Pods Resources */ = {
			isa = PBXShellScriptBuildPhase;
			buildActionMask = 2147483647;
			files = (
			);
			inputPaths = (
			);
			name = "[CP] Copy Pods Resources";
			outputPaths = (
			);
			runOnlyForDeploymentPostprocessing = 0;
			shellPath = /bin/sh;
			shellScript = "\"${SRCROOT}/Pods/Target Support Files/Pods-d-social/Pods-d-social-resources.sh\"\n";
			showEnvVarsInLog = 0;
		};
		D98DBBD6CFADDD164225A42B /* [CP] Check Pods Manifest.lock */ = {
			isa = PBXShellScriptBuildPhase;
			buildActionMask = 2147483647;
			files = (
			);
			inputPaths = (
			);
			name = "[CP] Check Pods Manifest.lock";
			outputPaths = (
			);
			runOnlyForDeploymentPostprocessing = 0;
			shellPath = /bin/sh;
			shellScript = "diff \"${PODS_ROOT}/../Podfile.lock\" \"${PODS_ROOT}/Manifest.lock\" > /dev/null\nif [ $? != 0 ] ; then\n    # print error to STDERR\n    echo \"error: The sandbox is not in sync with the Podfile.lock. Run 'pod install' or update your CocoaPods installation.\" >&2\n    exit 1\nfi\n";
			showEnvVarsInLog = 0;
		};
		DB17AE723B2B67B99A6C7D27 /* [CP] Embed Pods Frameworks */ = {
			isa = PBXShellScriptBuildPhase;
			buildActionMask = 2147483647;
			files = (
			);
			inputPaths = (
			);
			name = "[CP] Embed Pods Frameworks";
			outputPaths = (
			);
			runOnlyForDeploymentPostprocessing = 0;
			shellPath = /bin/sh;
			shellScript = "\"${SRCROOT}/Pods/Target Support Files/Pods-d-social/Pods-d-social-frameworks.sh\"\n";
			showEnvVarsInLog = 0;
		};
/* End PBXShellScriptBuildPhase section */

/* Begin PBXSourcesBuildPhase section */
		3325E2231E170316001B8435 /* Sources */ = {
			isa = PBXSourcesBuildPhase;
			buildActionMask = 2147483647;
			files = (
				3325E22D1E170316001B8435 /* SignInVC.swift in Sources */,
				3325E22B1E170316001B8435 /* AppDelegate.swift in Sources */,
			);
			runOnlyForDeploymentPostprocessing = 0;
		};
/* End PBXSourcesBuildPhase section */

/* Begin PBXVariantGroup section */
		3325E22E1E170316001B8435 /* Main.storyboard */ = {
			isa = PBXVariantGroup;
			children = (
				3325E22F1E170316001B8435 /* Base */,
			);
			name = Main.storyboard;
			sourceTree = "<group>";
		};
		3325E2331E170316001B8435 /* LaunchScreen.storyboard */ = {
			isa = PBXVariantGroup;
			children = (
				3325E2341E170316001B8435 /* Base */,
			);
			name = LaunchScreen.storyboard;
			sourceTree = "<group>";
		};
/* End PBXVariantGroup section */

/* Begin XCBuildConfiguration section */
		3325E2371E170316001B8435 /* Debug */ = {
			isa = XCBuildConfiguration;
			buildSettings = {
				ALWAYS_SEARCH_USER_PATHS = NO;
				CLANG_ANALYZER_NONNULL = YES;
				CLANG_CXX_LANGUAGE_STANDARD = "gnu++0x";
				CLANG_CXX_LIBRARY = "libc++";
				CLANG_ENABLE_MODULES = YES;
				CLANG_ENABLE_OBJC_ARC = YES;
				CLANG_WARN_BOOL_CONVERSION = YES;
				CLANG_WARN_CONSTANT_CONVERSION = YES;
				CLANG_WARN_DIRECT_OBJC_ISA_USAGE = YES_ERROR;
				CLANG_WARN_DOCUMENTATION_COMMENTS = YES;
				CLANG_WARN_EMPTY_BODY = YES;
				CLANG_WARN_ENUM_CONVERSION = YES;
				CLANG_WARN_INFINITE_RECURSION = YES;
				CLANG_WARN_INT_CONVERSION = YES;
				CLANG_WARN_OBJC_ROOT_CLASS = YES_ERROR;
				CLANG_WARN_SUSPICIOUS_MOVES = YES;
				CLANG_WARN_UNREACHABLE_CODE = YES;
				CLANG_WARN__DUPLICATE_METHOD_MATCH = YES;
				"CODE_SIGN_IDENTITY[sdk=iphoneos*]" = "iPhone Developer";
				COPY_PHASE_STRIP = NO;
				DEBUG_INFORMATION_FORMAT = dwarf;
				ENABLE_STRICT_OBJC_MSGSEND = YES;
				ENABLE_TESTABILITY = YES;
				GCC_C_LANGUAGE_STANDARD = gnu99;
				GCC_DYNAMIC_NO_PIC = NO;
				GCC_NO_COMMON_BLOCKS = YES;
				GCC_OPTIMIZATION_LEVEL = 0;
				GCC_PREPROCESSOR_DEFINITIONS = (
					"DEBUG=1",
					"$(inherited)",
				);
				GCC_WARN_64_TO_32_BIT_CONVERSION = YES;
				GCC_WARN_ABOUT_RETURN_TYPE = YES_ERROR;
				GCC_WARN_UNDECLARED_SELECTOR = YES;
				GCC_WARN_UNINITIALIZED_AUTOS = YES_AGGRESSIVE;
				GCC_WARN_UNUSED_FUNCTION = YES;
				GCC_WARN_UNUSED_VARIABLE = YES;
				IPHONEOS_DEPLOYMENT_TARGET = 10.0;
				MTL_ENABLE_DEBUG_INFO = YES;
				ONLY_ACTIVE_ARCH = YES;
				SDKROOT = iphoneos;
				SWIFT_ACTIVE_COMPILATION_CONDITIONS = DEBUG;
				SWIFT_OPTIMIZATION_LEVEL = "-Onone";
				TARGETED_DEVICE_FAMILY = "1,2";
			};
			name = Debug;
		};
		3325E2381E170316001B8435 /* Release */ = {
			isa = XCBuildConfiguration;
			buildSettings = {
				ALWAYS_SEARCH_USER_PATHS = NO;
				CLANG_ANALYZER_NONNULL = YES;
				CLANG_CXX_LANGUAGE_STANDARD = "gnu++0x";
				CLANG_CXX_LIBRARY = "libc++";
				CLANG_ENABLE_MODULES = YES;
				CLANG_ENABLE_OBJC_ARC = YES;
				CLANG_WARN_BOOL_CONVERSION = YES;
				CLANG_WARN_CONSTANT_CONVERSION = YES;
				CLANG_WARN_DIRECT_OBJC_ISA_USAGE = YES_ERROR;
				CLANG_WARN_DOCUMENTATION_COMMENTS = YES;
				CLANG_WARN_EMPTY_BODY = YES;
				CLANG_WARN_ENUM_CONVERSION = YES;
				CLANG_WARN_INFINITE_RECURSION = YES;
				CLANG_WARN_INT_CONVERSION = YES;
				CLANG_WARN_OBJC_ROOT_CLASS = YES_ERROR;
				CLANG_WARN_SUSPICIOUS_MOVES = YES;
				CLANG_WARN_UNREACHABLE_CODE = YES;
				CLANG_WARN__DUPLICATE_METHOD_MATCH = YES;
				"CODE_SIGN_IDENTITY[sdk=iphoneos*]" = "iPhone Developer";
				COPY_PHASE_STRIP = NO;
				DEBUG_INFORMATION_FORMAT = "dwarf-with-dsym";
				ENABLE_NS_ASSERTIONS = NO;
				ENABLE_STRICT_OBJC_MSGSEND = YES;
				GCC_C_LANGUAGE_STANDARD = gnu99;
				GCC_NO_COMMON_BLOCKS = YES;
				GCC_WARN_64_TO_32_BIT_CONVERSION = YES;
				GCC_WARN_ABOUT_RETURN_TYPE = YES_ERROR;
				GCC_WARN_UNDECLARED_SELECTOR = YES;
				GCC_WARN_UNINITIALIZED_AUTOS = YES_AGGRESSIVE;
				GCC_WARN_UNUSED_FUNCTION = YES;
				GCC_WARN_UNUSED_VARIABLE = YES;
				IPHONEOS_DEPLOYMENT_TARGET = 10.0;
				MTL_ENABLE_DEBUG_INFO = NO;
				SDKROOT = iphoneos;
				SWIFT_OPTIMIZATION_LEVEL = "-Owholemodule";
				TARGETED_DEVICE_FAMILY = "1,2";
				VALIDATE_PRODUCT = YES;
			};
			name = Release;
		};
		3325E23A1E170316001B8435 /* Debug */ = {
			isa = XCBuildConfiguration;
			baseConfigurationReference = E380AB61C50AD81F244905FE /* Pods-d-social.debug.xcconfig */;
			buildSettings = {
				ASSETCATALOG_COMPILER_APPICON_NAME = AppIcon;
				DEVELOPMENT_TEAM = 9YAW3RZ5V6;
				INFOPLIST_FILE = "d-social/Info.plist";
				LD_RUNPATH_SEARCH_PATHS = "$(inherited) @executable_path/Frameworks";
				PRODUCT_BUNDLE_IDENTIFIER = "com.KKS.d-social";
				PRODUCT_NAME = "$(TARGET_NAME)";
				SWIFT_VERSION = 3.0;
			};
			name = Debug;
		};
		3325E23B1E170316001B8435 /* Release */ = {
			isa = XCBuildConfiguration;
			baseConfigurationReference = 79DE3BECF7BFCB4A640248A1 /* Pods-d-social.release.xcconfig */;
			buildSettings = {
				ASSETCATALOG_COMPILER_APPICON_NAME = AppIcon;
				DEVELOPMENT_TEAM = 9YAW3RZ5V6;
				INFOPLIST_FILE = "d-social/Info.plist";
				LD_RUNPATH_SEARCH_PATHS = "$(inherited) @executable_path/Frameworks";
				PRODUCT_BUNDLE_IDENTIFIER = "com.KKS.d-social";
				PRODUCT_NAME = "$(TARGET_NAME)";
				SWIFT_VERSION = 3.0;
			};
			name = Release;
		};
/* End XCBuildConfiguration section */

/* Begin XCConfigurationList section */
		3325E2221E170316001B8435 /* Build configuration list for PBXProject "d-social" */ = {
			isa = XCConfigurationList;
			buildConfigurations = (
				3325E2371E170316001B8435 /* Debug */,
				3325E2381E170316001B8435 /* Release */,
			);
			defaultConfigurationIsVisible = 0;
			defaultConfigurationName = Release;
		};
		3325E2391E170316001B8435 /* Build configuration list for PBXNativeTarget "d-social" */ = {
			isa = XCConfigurationList;
			buildConfigurations = (
				3325E23A1E170316001B8435 /* Debug */,
				3325E23B1E170316001B8435 /* Release */,
			);
			defaultConfigurationIsVisible = 0;
			defaultConfigurationName = Release;
		};
/* End XCConfigurationList section */
	};
	rootObject = 3325E21F1E170316001B8435 /* Project object */;
}
